<Solution>
  <Project Path="MerlinSIP.Mobile.Android/MerlinSIP.Mobile.Android.csproj">
    <Deploy />
  </Project>
  <Project Path="MerlinSIP.Mobile.Browser/MerlinSIP.Mobile.Browser.csproj" />
  <Project Path="MerlinSIP.Mobile.Desktop/MerlinSIP.Mobile.Desktop.csproj" />
  <Project Path="MerlinSIP.Mobile.iOS/MerlinSIP.Mobile.iOS.csproj">
    <Deploy />
  </Project>
  <Project Path="MerlinSIP.Mobile/MerlinSIP.Mobile.csproj" />
</Solution>
